
Microsoft Visual Studio Solution File, Format Version 12.00
# Visual Studio Version 16
VisualStudioVersion = 16.0.31220.234
MinimumVisualStudioVersion = 10.0.40219.1
Project("{9A19103F-16F7-4668-BE54-9A1E7A4F7556}") = "MyContacts.Entities", "MyContacts.Entities\MyContacts.Entities.csproj", "{0782E880-D41A-4F5B-872F-683BBF17C430}"
EndProject
Project("{9A19103F-16F7-4668-BE54-9A1E7A4F7556}") = "MyContacts.Providers", "MyContacts.Providers\MyContacts.Providers.csproj", "{1171829E-1264-4356-9007-5DDDEDD9E922}"
EndProject
Project("{FAE04EC0-301F-11D3-BF4B-00C04F79EFBC}") = "MyContacts.API", "MyContacts.API\MyContacts.API.csproj", "{D08E9E67-4B3E-43FF-ABFD-281A44851FCE}"
EndProject
Global
	GlobalSection(SolutionConfigurationPlatforms) = preSolution
		Debug|Any CPU = Debug|Any CPU
		Release|Any CPU = Release|Any CPU
	EndGlobalSection
	GlobalSection(ProjectConfigurationPlatforms) = postSolution
		{0782E880-D41A-4F5B-872F-683BBF17C430}.Debug|Any CPU.ActiveCfg = Debug|Any CPU
		{0782E880-D41A-4F5B-872F-683BBF17C430}.Debug|Any CPU.Build.0 = Debug|Any CPU
		{0782E880-D41A-4F5B-872F-683BBF17C430}.Release|Any CPU.ActiveCfg = Release|Any CPU
		{0782E880-D41A-4F5B-872F-683BBF17C430}.Release|Any CPU.Build.0 = Release|Any CPU
		{1171829E-1264-4356-9007-5DDDEDD9E922}.Debug|Any CPU.ActiveCfg = Debug|Any CPU
		{1171829E-1264-4356-9007-5DDDEDD9E922}.Debug|Any CPU.Build.0 = Debug|Any CPU
		{1171829E-1264-4356-9007-5DDDEDD9E922}.Release|Any CPU.ActiveCfg = Release|Any CPU
		{1171829E-1264-4356-9007-5DDDEDD9E922}.Release|Any CPU.Build.0 = Release|Any CPU
		{D08E9E67-4B3E-43FF-ABFD-281A44851FCE}.Debug|Any CPU.ActiveCfg = Debug|Any CPU
		{D08E9E67-4B3E-43FF-ABFD-281A44851FCE}.Debug|Any CPU.Build.0 = Debug|Any CPU
		{D08E9E67-4B3E-43FF-ABFD-281A44851FCE}.Release|Any CPU.ActiveCfg = Release|Any CPU
		{D08E9E67-4B3E-43FF-ABFD-281A44851FCE}.Release|Any CPU.Build.0 = Release|Any CPU
	EndGlobalSection
	GlobalSection(SolutionProperties) = preSolution
		HideSolutionNode = FALSE
	EndGlobalSection
	GlobalSection(ExtensibilityGlobals) = postSolution
		SolutionGuid = {BBDCF842-187E-4B11-8460-857A5B86035B}
	EndGlobalSection
EndGlobal
